// !$*UTF8*$!
{
	archiveVersion = 1;
	classes = {
	};
	objectVersion = 48;
	objects = {

/* Begin PBXBuildFile section */
		89971F621FCC645D009422C9 /* AppDelegate.m in Sources */ = {isa = PBXBuildFile; fileRef = 89971F611FCC645D009422C9 /* AppDelegate.m */; };
		89971F651FCC645D009422C9 /* ViewController.m in Sources */ = {isa = PBXBuildFile; fileRef = 89971F641FCC645D009422C9 /* ViewController.m */; };
		89971F681FCC645D009422C9 /* Main.storyboard in Resources */ = {isa = PBXBuildFile; fileRef = 89971F661FCC645D009422C9 /* Main.storyboard */; };
		89971F6A1FCC645D009422C9 /* Assets.xcassets in Resources */ = {isa = PBXBuildFile; fileRef = 89971F691FCC645D009422C9 /* Assets.xcassets */; };
		89971F6D1FCC645D009422C9 /* LaunchScreen.storyboard in Resources */ = {isa = PBXBuildFile; fileRef = 89971F6B1FCC645D009422C9 /* LaunchScreen.storyboard */; };
		89971F701FCC645D009422C9 /* main.m in Sources */ = {isa = PBXBuildFile; fileRef = 89971F6F1FCC645D009422C9 /* main.m */; };
		89971F781FCC672C009422C9 /* WebKit.framework in Frameworks */ = {isa = PBXBuildFile; fileRef = 89971F771FCC6703009422C9 /* WebKit.framework */; };
/* End PBXBuildFile section */

/* Begin PBXFileReference section */
		89971F5D1FCC645D009422C9 /* WallPanel.app */ = {isa = PBXFileReference; explicitFileType = wrapper.application; includeInIndex = 0; path = WallPanel.app; sourceTree = BUILT_PRODUCTS_DIR; };
		89971F601FCC645D009422C9 /* AppDelegate.h */ = {isa = PBXFileReference; lastKnownFileType = sourcecode.c.h; path = AppDelegate.h; sourceTree = "<group>"; };
		89971F611FCC645D009422C9 /* AppDelegate.m */ = {isa = PBXFileReference; lastKnownFileType = sourcecode.c.objc; path = AppDelegate.m; sourceTree = "<group>"; };
		89971F631FCC645D009422C9 /* ViewController.h */ = {isa = PBXFileReference; lastKnownFileType = sourcecode.c.h; path = ViewController.h; sourceTree = "<group>"; };
		89971F641FCC645D009422C9 /* ViewController.m */ = {isa = PBXFileReference; lastKnownFileType = sourcecode.c.objc; path = ViewController.m; sourceTree = "<group>"; };
		89971F671FCC645D009422C9 /* Base */ = {isa = PBXFileReference; lastKnownFileType = file.storyboard; name = Base; path = Base.lproj/Main.storyboard; sourceTree = "<group>"; };
		89971F691FCC645D009422C9 /* Assets.xcassets */ = {isa = PBXFileReference; lastKnownFileType = folder.assetcatalog; path = Assets.xcassets; sourceTree = "<group>"; };
		89971F6C1FCC645D009422C9 /* Base */ = {isa = PBXFileReference; lastKnownFileType = file.storyboard; name = Base; path = Base.lproj/LaunchScreen.storyboard; sourceTree = "<group>"; };
		89971F6E1FCC645D009422C9 /* Info.plist */ = {isa = PBXFileReference; lastKnownFileType = text.plist.xml; path = Info.plist; sourceTree = "<group>"; };
		89971F6F1FCC645D009422C9 /* main.m */ = {isa = PBXFileReference; lastKnownFileType = sourcecode.c.objc; path = main.m; sourceTree = "<group>"; };
		89971F771FCC6703009422C9 /* WebKit.framework */ = {isa = PBXFileReference; lastKnownFileType = wrapper.framework; name = WebKit.framework; path = System/Library/Frameworks/WebKit.framework; sourceTree = SDKROOT; };
/* End PBXFileReference section */

/* Begin PBXFrameworksBuildPhase section */
		89971F5A1FCC645D009422C9 /* Frameworks */ = {
			isa = PBXFrameworksBuildPhase;
			buildActionMask = 2147483647;
			files = (
				89971F781FCC672C009422C9 /* WebKit.framework in Frameworks */,
			);
			runOnlyForDeploymentPostprocessing = 0;
		};
/* End PBXFrameworksBuildPhase section */

/* Begin PBXGroup section */
		89971F541FCC645D009422C9 = {
			isa = PBXGroup;
			children = (
				89971F5F1FCC645D009422C9 /* WallPanel */,
				89971F5E1FCC645D009422C9 /* Products */,
				89971F761FCC6703009422C9 /* Frameworks */,
			);
			sourceTree = "<group>";
		};
		89971F5E1FCC645D009422C9 /* Products */ = {
			isa = PBXGroup;
			children = (
				89971F5D1FCC645D009422C9 /* WallPanel.app */,
			);
			name = Products;
			sourceTree = "<group>";
		};
		89971F5F1FCC645D009422C9 /* WallPanel */ = {
			isa = PBXGroup;
			children = (
				89971F601FCC645D009422C9 /* AppDelegate.h */,
				89971F611FCC645D009422C9 /* AppDelegate.m */,
				89971F631FCC645D009422C9 /* ViewController.h */,
				89971F641FCC645D009422C9 /* ViewController.m */,
				89971F661FCC645D009422C9 /* Main.storyboard */,
				89971F691FCC645D009422C9 /* Assets.xcassets */,
				89971F6B1FCC645D009422C9 /* LaunchScreen.storyboard */,
				89971F6E1FCC645D009422C9 /* Info.plist */,
				89971F6F1FCC645D009422C9 /* main.m */,
			);
			path = WallPanel;
			sourceTree = "<group>";
		};
		89971F761FCC6703009422C9 /* Frameworks */ = {
			isa = PBXGroup;
			children = (
				89971F771FCC6703009422C9 /* WebKit.framework */,
			);
			name = Frameworks;
			sourceTree = "<group>";
		};
/* End PBXGroup section */

/* Begin PBXNativeTarget section */
		89971F5C1FCC645D009422C9 /* WallPanel */ = {
			isa = PBXNativeTarget;
			buildConfigurationList = 89971F731FCC645D009422C9 /* Build configuration list for PBXNativeTarget "WallPanel" */;
			buildPhases = (
				89971F591FCC645D009422C9 /* Sources */,
				89971F5A1FCC645D009422C9 /* Frameworks */,
				89971F5B1FCC645D009422C9 /* Resources */,
			);
			buildRules = (
			);
			dependencies = (
			);
			name = WallPanel;
			productName = WallPanel;
			productReference = 89971F5D1FCC645D009422C9 /* WallPanel.app */;
			productType = "com.apple.product-type.application";
		};
/* End PBXNativeTarget section */

/* Begin PBXProject section */
		89971F551FCC645D009422C9 /* Project object */ = {
			isa = PBXProject;
			attributes = {
				LastUpgradeCheck = 0910;
				ORGANIZATIONNAME = TickPlant;
				TargetAttributes = {
					89971F5C1FCC645D009422C9 = {
						CreatedOnToolsVersion = 9.1;
						ProvisioningStyle = Manual;
					};
				};
			};
			buildConfigurationList = 89971F581FCC645D009422C9 /* Build configuration list for PBXProject "WallPanel" */;
			compatibilityVersion = "Xcode 8.0";
			developmentRegion = en;
			hasScannedForEncodings = 0;
			knownRegions = (
				en,
				Base,
			);
			mainGroup = 89971F541FCC645D009422C9;
			productRefGroup = 89971F5E1FCC645D009422C9 /* Products */;
			projectDirPath = "";
			projectRoot = "";
			targets = (
				89971F5C1FCC645D009422C9 /* WallPanel */,
			);
		};
/* End PBXProject section */

/* Begin PBXResourcesBuildPhase section */
		89971F5B1FCC645D009422C9 /* Resources */ = {
			isa = PBXResourcesBuildPhase;
			buildActionMask = 2147483647;
			files = (
				89971F6D1FCC645D009422C9 /* LaunchScreen.storyboard in Resources */,
				89971F6A1FCC645D009422C9 /* Assets.xcassets in Resources */,
				89971F681FCC645D009422C9 /* Main.storyboard in Resources */,
			);
			runOnlyForDeploymentPostprocessing = 0;
		};
/* End PBXResourcesBuildPhase section */

/* Begin PBXSourcesBuildPhase section */
		89971F591FCC645D009422C9 /* Sources */ = {
			isa = PBXSourcesBuildPhase;
			buildActionMask = 2147483647;
			files = (
				89971F651FCC645D009422C9 /* ViewController.m in Sources */,
				89971F701FCC645D009422C9 /* main.m in Sources */,
				89971F621FCC645D009422C9 /* AppDelegate.m in Sources */,
			);
			runOnlyForDeploymentPostprocessing = 0;
		};
/* End PBXSourcesBuildPhase section */

/* Begin PBXVariantGroup section */
		89971F661FCC645D009422C9 /* Main.storyboard */ = {
			isa = PBXVariantGroup;
			children = (
				89971F671FCC645D009422C9 /* Base */,
			);
			name = Main.storyboard;
			sourceTree = "<group>";
		};
		89971F6B1FCC645D009422C9 /* LaunchScreen.storyboard */ = {
			isa = PBXVariantGroup;
			children = (
				89971F6C1FCC645D009422C9 /* Base */,
			);
			name = LaunchScreen.storyboard;
			sourceTree = "<group>";
		};
/* End PBXVariantGroup section */

/* Begin XCBuildConfiguration section */
		89971F711FCC645D009422C9 /* Debug */ = {
			isa = XCBuildConfiguration;
			buildSettings = {
				ALWAYS_SEARCH_USER_PATHS = NO;
				CLANG_ANALYZER_NONNULL = YES;
				CLANG_ANALYZER_NUMBER_OBJECT_CONVERSION = YES_AGGRESSIVE;
				CLANG_CXX_LANGUAGE_STANDARD = "gnu++14";
				CLANG_CXX_LIBRARY = "libc++";
				CLANG_ENABLE_MODULES = YES;
				CLANG_ENABLE_OBJC_ARC = YES;
				CLANG_WARN_BLOCK_CAPTURE_AUTORELEASING = YES;
				CLANG_WARN_BOOL_CONVERSION = YES;
				CLANG_WARN_COMMA = YES;
				CLANG_WARN_CONSTANT_CONVERSION = YES;
				CLANG_WARN_DIRECT_OBJC_ISA_USAGE = YES_ERROR;
				CLANG_WARN_DOCUMENTATION_COMMENTS = YES;
				CLANG_WARN_EMPTY_BODY = YES;
				CLANG_WARN_ENUM_CONVERSION = YES;
				CLANG_WARN_INFINITE_RECURSION = YES;
				CLANG_WARN_INT_CONVERSION = YES;
				CLANG_WARN_NON_LITERAL_NULL_CONVERSION = YES;
				CLANG_WARN_OBJC_LITERAL_CONVERSION = YES;
				CLANG_WARN_OBJC_ROOT_CLASS = YES_ERROR;
				CLANG_WARN_RANGE_LOOP_ANALYSIS = YES;
				CLANG_WARN_STRICT_PROTOTYPES = YES;
				CLANG_WARN_SUSPICIOUS_MOVE = YES;
				CLANG_WARN_UNGUARDED_AVAILABILITY = YES_AGGRESSIVE;
				CLANG_WARN_UNREACHABLE_CODE = YES;
				CLANG_WARN__DUPLICATE_METHOD_MATCH = YES;
				CODE_SIGN_IDENTITY = "iPhone Developer";
				COPY_PHASE_STRIP = NO;
				DEBUG_INFORMATION_FORMAT = dwarf;
				ENABLE_STRICT_OBJC_MSGSEND = YES;
				ENABLE_TESTABILITY = YES;
				GCC_C_LANGUAGE_STANDARD = gnu11;
				GCC_DYNAMIC_NO_PIC = NO;
				GCC_NO_COMMON_BLOCKS = YES;
				GCC_OPTIMIZATION_LEVEL = 0;
				GCC_PREPROCESSOR_DEFINITIONS = (
					"DEBUG=1",
					"$(inherited)",
				);
				GCC_WARN_64_TO_32_BIT_CONVERSION = YES;
				GCC_WARN_ABOUT_RETURN_TYPE = YES_ERROR;
				GCC_WARN_UNDECLARED_SELECTOR = YES;
				GCC_WARN_UNINITIALIZED_AUTOS = YES_AGGRESSIVE;
				GCC_WARN_UNUSED_FUNCTION = YES;
				GCC_WARN_UNUSED_VARIABLE = YES;
				IPHONEOS_DEPLOYMENT_TARGET = 11.1;
				MTL_ENABLE_DEBUG_INFO = YES;
				ONLY_ACTIVE_ARCH = YES;
				SDKROOT = iphoneos;
			};
			name = Debug;
		};
		89971F721FCC645D009422C9 /* Release */ = {
			isa = XCBuildConfiguration;
			buildSettings = {
				ALWAYS_SEARCH_USER_PATHS = NO;
				CLANG_ANALYZER_NONNULL = YES;
				CLANG_ANALYZER_NUMBER_OBJECT_CONVERSION = YES_AGGRESSIVE;
				CLANG_CXX_LANGUAGE_STANDARD = "gnu++14";
				CLANG_CXX_LIBRARY = "libc++";
				CLANG_ENABLE_MODULES = YES;
				CLANG_ENABLE_OBJC_ARC = YES;
				CLANG_WARN_BLOCK_CAPTURE_AUTORELEASING = YES;
				CLANG_WARN_BOOL_CONVERSION = YES;
				CLANG_WARN_COMMA = YES;
				CLANG_WARN_CONSTANT_CONVERSION = YES;
				CLANG_WARN_DIRECT_OBJC_ISA_USAGE = YES_ERROR;
				CLANG_WARN_DOCUMENTATION_COMMENTS = YES;
				CLANG_WARN_EMPTY_BODY = YES;
				CLANG_WARN_ENUM_CONVERSION = YES;
				CLANG_WARN_INFINITE_RECURSION = YES;
				CLANG_WARN_INT_CONVERSION = YES;
				CLANG_WARN_NON_LITERAL_NULL_CONVERSION = YES;
				CLANG_WARN_OBJC_LITERAL_CONVERSION = YES;
				CLANG_WARN_OBJC_ROOT_CLASS = YES_ERROR;
				CLANG_WARN_RANGE_LOOP_ANALYSIS = YES;
				CLANG_WARN_STRICT_PROTOTYPES = YES;
				CLANG_WARN_SUSPICIOUS_MOVE = YES;
				CLANG_WARN_UNGUARDED_AVAILABILITY = YES_AGGRESSIVE;
				CLANG_WARN_UNREACHABLE_CODE = YES;
				CLANG_WARN__DUPLICATE_METHOD_MATCH = YES;
				CODE_SIGN_IDENTITY = "iPhone Developer";
				COPY_PHASE_STRIP = NO;
				DEBUG_INFORMATION_FORMAT = "dwarf-with-dsym";
				ENABLE_NS_ASSERTIONS = NO;
				ENABLE_STRICT_OBJC_MSGSEND = YES;
				GCC_C_LANGUAGE_STANDARD = gnu11;
				GCC_NO_COMMON_BLOCKS = YES;
				GCC_WARN_64_TO_32_BIT_CONVERSION = YES;
				GCC_WARN_ABOUT_RETURN_TYPE = YES_ERROR;
				GCC_WARN_UNDECLARED_SELECTOR = YES;
				GCC_WARN_UNINITIALIZED_AUTOS = YES_AGGRESSIVE;
				GCC_WARN_UNUSED_FUNCTION = YES;
				GCC_WARN_UNUSED_VARIABLE = YES;
				IPHONEOS_DEPLOYMENT_TARGET = 11.1;
				MTL_ENABLE_DEBUG_INFO = NO;
				SDKROOT = iphoneos;
				VALIDATE_PRODUCT = YES;
			};
			name = Release;
		};
		89971F741FCC645D009422C9 /* Debug */ = {
			isa = XCBuildConfiguration;
			buildSettings = {
				ASSETCATALOG_COMPILER_APPICON_NAME = AppIcon;
				CODE_SIGN_STYLE = Manual;
				DEVELOPMENT_TEAM = "";
				INFOPLIST_FILE = WallPanel/Info.plist;
				IPHONEOS_DEPLOYMENT_TARGET = 9.0;
				LD_RUNPATH_SEARCH_PATHS = "$(inherited) @executable_path/Frameworks";
				PRODUCT_BUNDLE_IDENTIFIER = com.homeautomation.WallPanel;
				PRODUCT_NAME = "$(TARGET_NAME)";
				PROVISIONING_PROFILE_SPECIFIER = "";
				TARGETED_DEVICE_FAMILY = "1,2";
			};
			name = Debug;
		};
		89971F751FCC645D009422C9 /* Release */ = {
			isa = XCBuildConfiguration;
			buildSettings = {
				ASSETCATALOG_COMPILER_APPICON_NAME = AppIcon;
				CODE_SIGN_STYLE = Manual;
				DEVELOPMENT_TEAM = "";
				INFOPLIST_FILE = WallPanel/Info.plist;
				IPHONEOS_DEPLOYMENT_TARGET = 9.0;
				LD_RUNPATH_SEARCH_PATHS = "$(inherited) @executable_path/Frameworks";
				PRODUCT_BUNDLE_IDENTIFIER = com.homeautomation.WallPanel;
				PRODUCT_NAME = "$(TARGET_NAME)";
				PROVISIONING_PROFILE_SPECIFIER = "";
				TARGETED_DEVICE_FAMILY = "1,2";
			};
			name = Release;
		};
/* End XCBuildConfiguration section */

/* Begin XCConfigurationList section */
		89971F581FCC645D009422C9 /* Build configuration list for PBXProject "WallPanel" */ = {
			isa = XCConfigurationList;
			buildConfigurations = (
				89971F711FCC645D009422C9 /* Debug */,
				89971F721FCC645D009422C9 /* Release */,
			);
			defaultConfigurationIsVisible = 0;
			defaultConfigurationName = Release;
		};
		89971F731FCC645D009422C9 /* Build configuration list for PBXNativeTarget "WallPanel" */ = {
			isa = XCConfigurationList;
			buildConfigurations = (
				89971F741FCC645D009422C9 /* Debug */,
				89971F751FCC645D009422C9 /* Release */,
			);
			defaultConfigurationIsVisible = 0;
			defaultConfigurationName = Release;
		};
/* End XCConfigurationList section */
	};
	rootObject = 89971F551FCC645D009422C9 /* Project object */;
}
